// !$*UTF8*$!
{
	archiveVersion = 1;
	classes = {
	};
	objectVersion = 46;
	objects = {

/* Begin PBXBuildFile section */
		5E1C82111520B36F00ABB2BD /* UIKit.framework in Frameworks */ = {isa = PBXBuildFile; fileRef = 5E1C82101520B36F00ABB2BD /* UIKit.framework */; };
		5E1C82131520B36F00ABB2BD /* Foundation.framework in Frameworks */ = {isa = PBXBuildFile; fileRef = 5E1C82121520B36F00ABB2BD /* Foundation.framework */; };
		5E1C82151520B36F00ABB2BD /* CoreGraphics.framework in Frameworks */ = {isa = PBXBuildFile; fileRef = 5E1C82141520B36F00ABB2BD /* CoreGraphics.framework */; };
		5E1C821B1520B36F00ABB2BD /* InfoPlist.strings in Resources */ = {isa = PBXBuildFile; fileRef = 5E1C82191520B36F00ABB2BD /* InfoPlist.strings */; };
		5E1C821D1520B36F00ABB2BD /* main.m in Sources */ = {isa = PBXBuildFile; fileRef = 5E1C821C1520B36F00ABB2BD /* main.m */; };
		5E1C82211520B36F00ABB2BD /* AppDelegate.m in Sources */ = {isa = PBXBuildFile; fileRef = 5E1C82201520B36F00ABB2BD /* AppDelegate.m */; };
		5E1C82241520B36F00ABB2BD /* MasterViewController.m in Sources */ = {isa = PBXBuildFile; fileRef = 5E1C82231520B36F00ABB2BD /* MasterViewController.m */; };
		5E1C82271520B36F00ABB2BD /* DetailViewController.m in Sources */ = {isa = PBXBuildFile; fileRef = 5E1C82261520B36F00ABB2BD /* DetailViewController.m */; };
		5E1C822A1520B36F00ABB2BD /* MasterViewController.xib in Resources */ = {isa = PBXBuildFile; fileRef = 5E1C82281520B36F00ABB2BD /* MasterViewController.xib */; };
		5E1C82441520B9EE00ABB2BD /* ColorFillView.m in Sources */ = {isa = PBXBuildFile; fileRef = 5E1C82431520B9EE00ABB2BD /* ColorFillView.m */; };
		5E1C82461520BA3000ABB2BD /* QuartzCore.framework in Frameworks */ = {isa = PBXBuildFile; fileRef = 5E1C82451520BA3000ABB2BD /* QuartzCore.framework */; };
		5E1C824C1520BB2600ABB2BD /* GradientFillLinearView.m in Sources */ = {isa = PBXBuildFile; fileRef = 5E1C824B1520BB2600ABB2BD /* GradientFillLinearView.m */; };
		5E1C824F1520BBC300ABB2BD /* GradientFillRadialView.m in Sources */ = {isa = PBXBuildFile; fileRef = 5E1C824E1520BBC300ABB2BD /* GradientFillRadialView.m */; };
		5E1C82521520C10500ABB2BD /* PathsView.m in Sources */ = {isa = PBXBuildFile; fileRef = 5E1C82511520C10500ABB2BD /* PathsView.m */; };
		5E1C82551520C37D00ABB2BD /* BezierCurveView.m in Sources */ = {isa = PBXBuildFile; fileRef = 5E1C82541520C37D00ABB2BD /* BezierCurveView.m */; };
		5E1C82581520C89C00ABB2BD /* ImageView.m in Sources */ = {isa = PBXBuildFile; fileRef = 5E1C82571520C89C00ABB2BD /* ImageView.m */; };
		5E1C825A1520C8AC00ABB2BD /* tombraider.png in Resources */ = {isa = PBXBuildFile; fileRef = 5E1C82591520C8AC00ABB2BD /* tombraider.png */; };
		5E1C825D1520CD7400ABB2BD /* ClippingView.m in Sources */ = {isa = PBXBuildFile; fileRef = 5E1C825C1520CD7400ABB2BD /* ClippingView.m */; };
		5E1C82601520D24600ABB2BD /* ClippingEOView.m in Sources */ = {isa = PBXBuildFile; fileRef = 5E1C825F1520D24600ABB2BD /* ClippingEOView.m */; };
		5E1C826A1520D54600ABB2BD /* LICENSE in Resources */ = {isa = PBXBuildFile; fileRef = 5E1C82691520D54600ABB2BD /* LICENSE */; };
/* End PBXBuildFile section */

/* Begin PBXFileReference section */
		5E1C820C1520B36F00ABB2BD /* CoreTechniques.app */ = {isa = PBXFileReference; explicitFileType = wrapper.application; includeInIndex = 0; path = CoreTechniques.app; sourceTree = BUILT_PRODUCTS_DIR; };
		5E1C82101520B36F00ABB2BD /* UIKit.framework */ = {isa = PBXFileReference; lastKnownFileType = wrapper.framework; name = UIKit.framework; path = System/Library/Frameworks/UIKit.framework; sourceTree = SDKROOT; };
		5E1C82121520B36F00ABB2BD /* Foundation.framework */ = {isa = PBXFileReference; lastKnownFileType = wrapper.framework; name = Foundation.framework; path = System/Library/Frameworks/Foundation.framework; sourceTree = SDKROOT; };
		5E1C82141520B36F00ABB2BD /* CoreGraphics.framework */ = {isa = PBXFileReference; lastKnownFileType = wrapper.framework; name = CoreGraphics.framework; path = System/Library/Frameworks/CoreGraphics.framework; sourceTree = SDKROOT; };
		5E1C82181520B36F00ABB2BD /* CoreTechniques-Info.plist */ = {isa = PBXFileReference; lastKnownFileType = text.plist.xml; path = "CoreTechniques-Info.plist"; sourceTree = "<group>"; };
		5E1C821A1520B36F00ABB2BD /* en */ = {isa = PBXFileReference; lastKnownFileType = text.plist.strings; name = en; path = en.lproj/InfoPlist.strings; sourceTree = "<group>"; };
		5E1C821C1520B36F00ABB2BD /* main.m */ = {isa = PBXFileReference; lastKnownFileType = sourcecode.c.objc; path = main.m; sourceTree = "<group>"; };
		5E1C821E1520B36F00ABB2BD /* CoreTechniques-Prefix.pch */ = {isa = PBXFileReference; lastKnownFileType = sourcecode.c.h; path = "CoreTechniques-Prefix.pch"; sourceTree = "<group>"; };
		5E1C821F1520B36F00ABB2BD /* AppDelegate.h */ = {isa = PBXFileReference; lastKnownFileType = sourcecode.c.h; path = AppDelegate.h; sourceTree = "<group>"; };
		5E1C82201520B36F00ABB2BD /* AppDelegate.m */ = {isa = PBXFileReference; lastKnownFileType = sourcecode.c.objc; path = AppDelegate.m; sourceTree = "<group>"; };
		5E1C82221520B36F00ABB2BD /* MasterViewController.h */ = {isa = PBXFileReference; lastKnownFileType = sourcecode.c.h; path = MasterViewController.h; sourceTree = "<group>"; };
		5E1C82231520B36F00ABB2BD /* MasterViewController.m */ = {isa = PBXFileReference; lastKnownFileType = sourcecode.c.objc; path = MasterViewController.m; sourceTree = "<group>"; };
		5E1C82251520B36F00ABB2BD /* DetailViewController.h */ = {isa = PBXFileReference; lastKnownFileType = sourcecode.c.h; path = DetailViewController.h; sourceTree = "<group>"; };
		5E1C82261520B36F00ABB2BD /* DetailViewController.m */ = {isa = PBXFileReference; lastKnownFileType = sourcecode.c.objc; path = DetailViewController.m; sourceTree = "<group>"; };
		5E1C82291520B36F00ABB2BD /* en */ = {isa = PBXFileReference; lastKnownFileType = file.xib; name = en; path = en.lproj/MasterViewController.xib; sourceTree = "<group>"; };
		5E1C82421520B9EE00ABB2BD /* ColorFillView.h */ = {isa = PBXFileReference; fileEncoding = 4; lastKnownFileType = sourcecode.c.h; name = ColorFillView.h; path = demos/ColorFillView.h; sourceTree = "<group>"; };
		5E1C82431520B9EE00ABB2BD /* ColorFillView.m */ = {isa = PBXFileReference; fileEncoding = 4; lastKnownFileType = sourcecode.c.objc; name = ColorFillView.m; path = demos/ColorFillView.m; sourceTree = "<group>"; };
		5E1C82451520BA3000ABB2BD /* QuartzCore.framework */ = {isa = PBXFileReference; lastKnownFileType = wrapper.framework; name = QuartzCore.framework; path = System/Library/Frameworks/QuartzCore.framework; sourceTree = SDKROOT; };
		5E1C824A1520BB2600ABB2BD /* GradientFillLinearView.h */ = {isa = PBXFileReference; fileEncoding = 4; lastKnownFileType = sourcecode.c.h; name = GradientFillLinearView.h; path = demos/GradientFillLinearView.h; sourceTree = "<group>"; };
		5E1C824B1520BB2600ABB2BD /* GradientFillLinearView.m */ = {isa = PBXFileReference; fileEncoding = 4; lastKnownFileType = sourcecode.c.objc; name = GradientFillLinearView.m; path = demos/GradientFillLinearView.m; sourceTree = "<group>"; };
		5E1C824D1520BBC300ABB2BD /* GradientFillRadialView.h */ = {isa = PBXFileReference; fileEncoding = 4; lastKnownFileType = sourcecode.c.h; name = GradientFillRadialView.h; path = demos/GradientFillRadialView.h; sourceTree = "<group>"; };
		5E1C824E1520BBC300ABB2BD /* GradientFillRadialView.m */ = {isa = PBXFileReference; fileEncoding = 4; lastKnownFileType = sourcecode.c.objc; name = GradientFillRadialView.m; path = demos/GradientFillRadialView.m; sourceTree = "<group>"; };
		5E1C82501520C10400ABB2BD /* PathsView.h */ = {isa = PBXFileReference; fileEncoding = 4; lastKnownFileType = sourcecode.c.h; name = PathsView.h; path = demos/PathsView.h; sourceTree = "<group>"; };
		5E1C82511520C10500ABB2BD /* PathsView.m */ = {isa = PBXFileReference; fileEncoding = 4; lastKnownFileType = sourcecode.c.objc; name = PathsView.m; path = demos/PathsView.m; sourceTree = "<group>"; };
		5E1C82531520C37C00ABB2BD /* BezierCurveView.h */ = {isa = PBXFileReference; fileEncoding = 4; lastKnownFileType = sourcecode.c.h; name = BezierCurveView.h; path = demos/BezierCurveView.h; sourceTree = "<group>"; };
		5E1C82541520C37D00ABB2BD /* BezierCurveView.m */ = {isa = PBXFileReference; fileEncoding = 4; lastKnownFileType = sourcecode.c.objc; name = BezierCurveView.m; path = demos/BezierCurveView.m; sourceTree = "<group>"; };
		5E1C82561520C89C00ABB2BD /* ImageView.h */ = {isa = PBXFileReference; fileEncoding = 4; lastKnownFileType = sourcecode.c.h; name = ImageView.h; path = demos/ImageView.h; sourceTree = "<group>"; };
		5E1C82571520C89C00ABB2BD /* ImageView.m */ = {isa = PBXFileReference; fileEncoding = 4; lastKnownFileType = sourcecode.c.objc; name = ImageView.m; path = demos/ImageView.m; sourceTree = "<group>"; };
		5E1C82591520C8AC00ABB2BD /* tombraider.png */ = {isa = PBXFileReference; lastKnownFileType = image.png; path = tombraider.png; sourceTree = "<group>"; };
		5E1C825B1520CD7300ABB2BD /* ClippingView.h */ = {isa = PBXFileReference; fileEncoding = 4; lastKnownFileType = sourcecode.c.h; name = ClippingView.h; path = demos/ClippingView.h; sourceTree = "<group>"; };
		5E1C825C1520CD7400ABB2BD /* ClippingView.m */ = {isa = PBXFileReference; fileEncoding = 4; lastKnownFileType = sourcecode.c.objc; name = ClippingView.m; path = demos/ClippingView.m; sourceTree = "<group>"; };
		5E1C825E1520D24600ABB2BD /* ClippingEOView.h */ = {isa = PBXFileReference; fileEncoding = 4; lastKnownFileType = sourcecode.c.h; name = ClippingEOView.h; path = demos/ClippingEOView.h; sourceTree = "<group>"; };
		5E1C825F1520D24600ABB2BD /* ClippingEOView.m */ = {isa = PBXFileReference; fileEncoding = 4; lastKnownFileType = sourcecode.c.objc; name = ClippingEOView.m; path = demos/ClippingEOView.m; sourceTree = "<group>"; };
		5E1C82691520D54600ABB2BD /* LICENSE */ = {isa = PBXFileReference; fileEncoding = 4; lastKnownFileType = text; path = LICENSE; sourceTree = "<group>"; };
/* End PBXFileReference section */

/* Begin PBXFrameworksBuildPhase section */
		5E1C82091520B36F00ABB2BD /* Frameworks */ = {
			isa = PBXFrameworksBuildPhase;
			buildActionMask = 2147483647;
			files = (
				5E1C82461520BA3000ABB2BD /* QuartzCore.framework in Frameworks */,
				5E1C82111520B36F00ABB2BD /* UIKit.framework in Frameworks */,
				5E1C82131520B36F00ABB2BD /* Foundation.framework in Frameworks */,
				5E1C82151520B36F00ABB2BD /* CoreGraphics.framework in Frameworks */,
			);
			runOnlyForDeploymentPostprocessing = 0;
		};
/* End PBXFrameworksBuildPhase section */

/* Begin PBXGroup section */
		5E1C82011520B36F00ABB2BD = {
			isa = PBXGroup;
			children = (
				5E1C82161520B36F00ABB2BD /* CoreTechniques */,
				5E1C820F1520B36F00ABB2BD /* Frameworks */,
				5E1C820D1520B36F00ABB2BD /* Products */,
			);
			sourceTree = "<group>";
		};
		5E1C820D1520B36F00ABB2BD /* Products */ = {
			isa = PBXGroup;
			children = (
				5E1C820C1520B36F00ABB2BD /* CoreTechniques.app */,
			);
			name = Products;
			sourceTree = "<group>";
		};
		5E1C820F1520B36F00ABB2BD /* Frameworks */ = {
			isa = PBXGroup;
			children = (
				5E1C82451520BA3000ABB2BD /* QuartzCore.framework */,
				5E1C82101520B36F00ABB2BD /* UIKit.framework */,
				5E1C82121520B36F00ABB2BD /* Foundation.framework */,
				5E1C82141520B36F00ABB2BD /* CoreGraphics.framework */,
			);
			name = Frameworks;
			sourceTree = "<group>";
		};
		5E1C82161520B36F00ABB2BD /* CoreTechniques */ = {
			isa = PBXGroup;
			children = (
				5E1C82691520D54600ABB2BD /* LICENSE */,
				5E1C821F1520B36F00ABB2BD /* AppDelegate.h */,
				5E1C82201520B36F00ABB2BD /* AppDelegate.m */,
				5E1C82411520B58F00ABB2BD /* Demos */,
				5E1C82401520B58400ABB2BD /* Application Logic */,
				5E1C82171520B36F00ABB2BD /* Supporting Files */,
			);
			path = CoreTechniques;
			sourceTree = "<group>";
		};
		5E1C82171520B36F00ABB2BD /* Supporting Files */ = {
			isa = PBXGroup;
			children = (
				5E1C82181520B36F00ABB2BD /* CoreTechniques-Info.plist */,
				5E1C82191520B36F00ABB2BD /* InfoPlist.strings */,
				5E1C821C1520B36F00ABB2BD /* main.m */,
				5E1C821E1520B36F00ABB2BD /* CoreTechniques-Prefix.pch */,
			);
			name = "Supporting Files";
			sourceTree = "<group>";
		};
		5E1C82401520B58400ABB2BD /* Application Logic */ = {
			isa = PBXGroup;
			children = (
				5E1C82221520B36F00ABB2BD /* MasterViewController.h */,
				5E1C82231520B36F00ABB2BD /* MasterViewController.m */,
				5E1C82281520B36F00ABB2BD /* MasterViewController.xib */,
				5E1C82251520B36F00ABB2BD /* DetailViewController.h */,
				5E1C82261520B36F00ABB2BD /* DetailViewController.m */,
			);
			name = "Application Logic";
			sourceTree = "<group>";
		};
		5E1C82411520B58F00ABB2BD /* Demos */ = {
			isa = PBXGroup;
			children = (
				5E1C826B1520D83200ABB2BD /* CoreGraphics */,
				5E1C826C1520D84200ABB2BD /* CoreAnimation */,
			);
			name = Demos;
			sourceTree = "<group>";
		};
		5E1C82611520D3AC00ABB2BD /* Color Fill */ = {
			isa = PBXGroup;
			children = (
				5E1C82421520B9EE00ABB2BD /* ColorFillView.h */,
				5E1C82431520B9EE00ABB2BD /* ColorFillView.m */,
			);
			name = "Color Fill";
			sourceTree = "<group>";
		};
		5E1C82621520D3B400ABB2BD /* Image */ = {
			isa = PBXGroup;
			children = (
				5E1C82561520C89C00ABB2BD /* ImageView.h */,
				5E1C82571520C89C00ABB2BD /* ImageView.m */,
			);
			name = Image;
			sourceTree = "<group>";
		};
		5E1C82631520D3C200ABB2BD /* Gradient (Linear) */ = {
			isa = PBXGroup;
			children = (
				5E1C824A1520BB2600ABB2BD /* GradientFillLinearView.h */,
				5E1C824B1520BB2600ABB2BD /* GradientFillLinearView.m */,
			);
			name = "Gradient (Linear)";
			sourceTree = "<group>";
		};
		5E1C82641520D3CF00ABB2BD /* Gradient (Radial) */ = {
			isa = PBXGroup;
			children = (
				5E1C824D1520BBC300ABB2BD /* GradientFillRadialView.h */,
				5E1C824E1520BBC300ABB2BD /* GradientFillRadialView.m */,
			);
			name = "Gradient (Radial)";
			sourceTree = "<group>";
		};
		5E1C82651520D3DB00ABB2BD /* Paths */ = {
			isa = PBXGroup;
			children = (
				5E1C82501520C10400ABB2BD /* PathsView.h */,
				5E1C82511520C10500ABB2BD /* PathsView.m */,
			);
			name = Paths;
			sourceTree = "<group>";
		};
		5E1C82661520D3EA00ABB2BD /* Clipping */ = {
			isa = PBXGroup;
			children = (
				5E1C825B1520CD7300ABB2BD /* ClippingView.h */,
				5E1C825C1520CD7400ABB2BD /* ClippingView.m */,
			);
			name = Clipping;
			sourceTree = "<group>";
		};
		5E1C82671520D3F200ABB2BD /* Clipping (EO) */ = {
			isa = PBXGroup;
			children = (
				5E1C825E1520D24600ABB2BD /* ClippingEOView.h */,
				5E1C825F1520D24600ABB2BD /* ClippingEOView.m */,
			);
			name = "Clipping (EO)";
			sourceTree = "<group>";
		};
		5E1C82681520D3FC00ABB2BD /* Bezier Curves */ = {
			isa = PBXGroup;
			children = (
				5E1C82531520C37C00ABB2BD /* BezierCurveView.h */,
				5E1C82541520C37D00ABB2BD /* BezierCurveView.m */,
			);
			name = "Bezier Curves";
			sourceTree = "<group>";
		};
		5E1C826B1520D83200ABB2BD /* CoreGraphics */ = {
			isa = PBXGroup;
			children = (
				5E1C82611520D3AC00ABB2BD /* Color Fill */,
				5E1C82621520D3B400ABB2BD /* Image */,
				5E1C82631520D3C200ABB2BD /* Gradient (Linear) */,
				5E1C82641520D3CF00ABB2BD /* Gradient (Radial) */,
				5E1C82651520D3DB00ABB2BD /* Paths */,
				5E1C82681520D3FC00ABB2BD /* Bezier Curves */,
				5E1C82661520D3EA00ABB2BD /* Clipping */,
				5E1C82671520D3F200ABB2BD /* Clipping (EO) */,
				5E1C82591520C8AC00ABB2BD /* tombraider.png */,
			);
			name = CoreGraphics;
			sourceTree = "<group>";
		};
		5E1C826C1520D84200ABB2BD /* CoreAnimation */ = {
			isa = PBXGroup;
			children = (
			);
			name = CoreAnimation;
			sourceTree = "<group>";
		};
/* End PBXGroup section */

/* Begin PBXNativeTarget section */
		5E1C820B1520B36F00ABB2BD /* CoreTechniques */ = {
			isa = PBXNativeTarget;
			buildConfigurationList = 5E1C82301520B36F00ABB2BD /* Build configuration list for PBXNativeTarget "CoreTechniques" */;
			buildPhases = (
				5E1C82081520B36F00ABB2BD /* Sources */,
				5E1C82091520B36F00ABB2BD /* Frameworks */,
				5E1C820A1520B36F00ABB2BD /* Resources */,
			);
			buildRules = (
			);
			dependencies = (
			);
			name = CoreTechniques;
			productName = CoreTechniques;
			productReference = 5E1C820C1520B36F00ABB2BD /* CoreTechniques.app */;
			productType = "com.apple.product-type.application";
		};
/* End PBXNativeTarget section */

/* Begin PBXProject section */
		5E1C82031520B36F00ABB2BD /* Project object */ = {
			isa = PBXProject;
			attributes = {
				LastUpgradeCheck = 0430;
			};
			buildConfigurationList = 5E1C82061520B36F00ABB2BD /* Build configuration list for PBXProject "CoreTechniques" */;
			compatibilityVersion = "Xcode 3.2";
			developmentRegion = English;
			hasScannedForEncodings = 0;
			knownRegions = (
				en,
			);
			mainGroup = 5E1C82011520B36F00ABB2BD;
			productRefGroup = 5E1C820D1520B36F00ABB2BD /* Products */;
			projectDirPath = "";
			projectRoot = "";
			targets = (
				5E1C820B1520B36F00ABB2BD /* CoreTechniques */,
			);
		};
/* End PBXProject section */

/* Begin PBXResourcesBuildPhase section */
		5E1C820A1520B36F00ABB2BD /* Resources */ = {
			isa = PBXResourcesBuildPhase;
			buildActionMask = 2147483647;
			files = (
				5E1C821B1520B36F00ABB2BD /* InfoPlist.strings in Resources */,
				5E1C822A1520B36F00ABB2BD /* MasterViewController.xib in Resources */,
				5E1C825A1520C8AC00ABB2BD /* tombraider.png in Resources */,
				5E1C826A1520D54600ABB2BD /* LICENSE in Resources */,
			);
			runOnlyForDeploymentPostprocessing = 0;
		};
/* End PBXResourcesBuildPhase section */

/* Begin PBXSourcesBuildPhase section */
		5E1C82081520B36F00ABB2BD /* Sources */ = {
			isa = PBXSourcesBuildPhase;
			buildActionMask = 2147483647;
			files = (
				5E1C821D1520B36F00ABB2BD /* main.m in Sources */,
				5E1C82211520B36F00ABB2BD /* AppDelegate.m in Sources */,
				5E1C82241520B36F00ABB2BD /* MasterViewController.m in Sources */,
				5E1C82271520B36F00ABB2BD /* DetailViewController.m in Sources */,
				5E1C82441520B9EE00ABB2BD /* ColorFillView.m in Sources */,
				5E1C824C1520BB2600ABB2BD /* GradientFillLinearView.m in Sources */,
				5E1C824F1520BBC300ABB2BD /* GradientFillRadialView.m in Sources */,
				5E1C82521520C10500ABB2BD /* PathsView.m in Sources */,
				5E1C82551520C37D00ABB2BD /* BezierCurveView.m in Sources */,
				5E1C82581520C89C00ABB2BD /* ImageView.m in Sources */,
				5E1C825D1520CD7400ABB2BD /* ClippingView.m in Sources */,
				5E1C82601520D24600ABB2BD /* ClippingEOView.m in Sources */,
			);
			runOnlyForDeploymentPostprocessing = 0;
		};
/* End PBXSourcesBuildPhase section */

/* Begin PBXVariantGroup section */
		5E1C82191520B36F00ABB2BD /* InfoPlist.strings */ = {
			isa = PBXVariantGroup;
			children = (
				5E1C821A1520B36F00ABB2BD /* en */,
			);
			name = InfoPlist.strings;
			sourceTree = "<group>";
		};
		5E1C82281520B36F00ABB2BD /* MasterViewController.xib */ = {
			isa = PBXVariantGroup;
			children = (
				5E1C82291520B36F00ABB2BD /* en */,
			);
			name = MasterViewController.xib;
			sourceTree = "<group>";
		};
/* End PBXVariantGroup section */

/* Begin XCBuildConfiguration section */
		5E1C822E1520B36F00ABB2BD /* Debug */ = {
			isa = XCBuildConfiguration;
			buildSettings = {
				ALWAYS_SEARCH_USER_PATHS = NO;
				ARCHS = "$(ARCHS_STANDARD_32_BIT)";
				CLANG_ENABLE_OBJC_ARC = YES;
				"CODE_SIGN_IDENTITY[sdk=iphoneos*]" = "iPhone Developer";
				COPY_PHASE_STRIP = NO;
				GCC_C_LANGUAGE_STANDARD = gnu99;
				GCC_DYNAMIC_NO_PIC = NO;
				GCC_OPTIMIZATION_LEVEL = 0;
				GCC_PREPROCESSOR_DEFINITIONS = (
					"DEBUG=1",
					"$(inherited)",
				);
				GCC_SYMBOLS_PRIVATE_EXTERN = NO;
				GCC_VERSION = com.apple.compilers.llvm.clang.1_0;
				GCC_WARN_ABOUT_RETURN_TYPE = YES;
				GCC_WARN_UNINITIALIZED_AUTOS = YES;
				GCC_WARN_UNUSED_VARIABLE = YES;
				IPHONEOS_DEPLOYMENT_TARGET = 5.1;
				SDKROOT = iphoneos;
				TARGETED_DEVICE_FAMILY = 2;
			};
			name = Debug;
		};
		5E1C822F1520B36F00ABB2BD /* Release */ = {
			isa = XCBuildConfiguration;
			buildSettings = {
				ALWAYS_SEARCH_USER_PATHS = NO;
				ARCHS = "$(ARCHS_STANDARD_32_BIT)";
				CLANG_ENABLE_OBJC_ARC = YES;
				"CODE_SIGN_IDENTITY[sdk=iphoneos*]" = "iPhone Developer";
				COPY_PHASE_STRIP = YES;
				GCC_C_LANGUAGE_STANDARD = gnu99;
				GCC_VERSION = com.apple.compilers.llvm.clang.1_0;
				GCC_WARN_ABOUT_RETURN_TYPE = YES;
				GCC_WARN_UNINITIALIZED_AUTOS = YES;
				GCC_WARN_UNUSED_VARIABLE = YES;
				IPHONEOS_DEPLOYMENT_TARGET = 5.1;
				OTHER_CFLAGS = "-DNS_BLOCK_ASSERTIONS=1";
				SDKROOT = iphoneos;
				TARGETED_DEVICE_FAMILY = 2;
				VALIDATE_PRODUCT = YES;
			};
			name = Release;
		};
		5E1C82311520B36F00ABB2BD /* Debug */ = {
			isa = XCBuildConfiguration;
			buildSettings = {
				GCC_PRECOMPILE_PREFIX_HEADER = YES;
				GCC_PREFIX_HEADER = "CoreTechniques/CoreTechniques-Prefix.pch";
				INFOPLIST_FILE = "CoreTechniques/CoreTechniques-Info.plist";
				PRODUCT_NAME = "$(TARGET_NAME)";
				WRAPPER_EXTENSION = app;
			};
			name = Debug;
		};
		5E1C82321520B36F00ABB2BD /* Release */ = {
			isa = XCBuildConfiguration;
			buildSettings = {
				GCC_PRECOMPILE_PREFIX_HEADER = YES;
				GCC_PREFIX_HEADER = "CoreTechniques/CoreTechniques-Prefix.pch";
				INFOPLIST_FILE = "CoreTechniques/CoreTechniques-Info.plist";
				PRODUCT_NAME = "$(TARGET_NAME)";
				WRAPPER_EXTENSION = app;
			};
			name = Release;
		};
/* End XCBuildConfiguration section */

/* Begin XCConfigurationList section */
		5E1C82061520B36F00ABB2BD /* Build configuration list for PBXProject "CoreTechniques" */ = {
			isa = XCConfigurationList;
			buildConfigurations = (
				5E1C822E1520B36F00ABB2BD /* Debug */,
				5E1C822F1520B36F00ABB2BD /* Release */,
			);
			defaultConfigurationIsVisible = 0;
			defaultConfigurationName = Release;
		};
		5E1C82301520B36F00ABB2BD /* Build configuration list for PBXNativeTarget "CoreTechniques" */ = {
			isa = XCConfigurationList;
			buildConfigurations = (
				5E1C82311520B36F00ABB2BD /* Debug */,
				5E1C82321520B36F00ABB2BD /* Release */,
			);
			defaultConfigurationIsVisible = 0;
			defaultConfigurationName = Release;
		};
/* End XCConfigurationList section */
	};
	rootObject = 5E1C82031520B36F00ABB2BD /* Project object */;
}
