// !$*UTF8*$!
{
	archiveVersion = 1;
	classes = {
	};
	objectVersion = 46;
	objects = {

/* Begin PBXBuildFile section */
		5E9C7A7C152A61B700054843 /* QuartzCore.framework in Frameworks */ = {isa = PBXBuildFile; fileRef = 5E9C7A7B152A61B700054843 /* QuartzCore.framework */; };
		5EB00B3F152A60BB006FD64E /* UIKit.framework in Frameworks */ = {isa = PBXBuildFile; fileRef = 5EB00B3E152A60BB006FD64E /* UIKit.framework */; };
		5EB00B41152A60BB006FD64E /* Foundation.framework in Frameworks */ = {isa = PBXBuildFile; fileRef = 5EB00B40152A60BB006FD64E /* Foundation.framework */; };
		5EB00B43152A60BB006FD64E /* CoreGraphics.framework in Frameworks */ = {isa = PBXBuildFile; fileRef = 5EB00B42152A60BB006FD64E /* CoreGraphics.framework */; };
		5EB00B49152A60BB006FD64E /* InfoPlist.strings in Resources */ = {isa = PBXBuildFile; fileRef = 5EB00B47152A60BB006FD64E /* InfoPlist.strings */; };
		5EB00B4B152A60BB006FD64E /* main.m in Sources */ = {isa = PBXBuildFile; fileRef = 5EB00B4A152A60BB006FD64E /* main.m */; };
		5EB00B4F152A60BB006FD64E /* AppDelegate.m in Sources */ = {isa = PBXBuildFile; fileRef = 5EB00B4E152A60BB006FD64E /* AppDelegate.m */; };
		5EB00B52152A60BB006FD64E /* ViewController.m in Sources */ = {isa = PBXBuildFile; fileRef = 5EB00B51152A60BB006FD64E /* ViewController.m */; };
		5EB00B55152A60BB006FD64E /* ViewController.xib in Resources */ = {isa = PBXBuildFile; fileRef = 5EB00B53152A60BB006FD64E /* ViewController.xib */; };
/* End PBXBuildFile section */

/* Begin PBXFileReference section */
		5E9C7A7B152A61B700054843 /* QuartzCore.framework */ = {isa = PBXFileReference; lastKnownFileType = wrapper.framework; name = QuartzCore.framework; path = System/Library/Frameworks/QuartzCore.framework; sourceTree = SDKROOT; };
		5EB00B3A152A60BB006FD64E /* Four.app */ = {isa = PBXFileReference; explicitFileType = wrapper.application; includeInIndex = 0; path = Four.app; sourceTree = BUILT_PRODUCTS_DIR; };
		5EB00B3E152A60BB006FD64E /* UIKit.framework */ = {isa = PBXFileReference; lastKnownFileType = wrapper.framework; name = UIKit.framework; path = System/Library/Frameworks/UIKit.framework; sourceTree = SDKROOT; };
		5EB00B40152A60BB006FD64E /* Foundation.framework */ = {isa = PBXFileReference; lastKnownFileType = wrapper.framework; name = Foundation.framework; path = System/Library/Frameworks/Foundation.framework; sourceTree = SDKROOT; };
		5EB00B42152A60BB006FD64E /* CoreGraphics.framework */ = {isa = PBXFileReference; lastKnownFileType = wrapper.framework; name = CoreGraphics.framework; path = System/Library/Frameworks/CoreGraphics.framework; sourceTree = SDKROOT; };
		5EB00B46152A60BB006FD64E /* Four-Info.plist */ = {isa = PBXFileReference; lastKnownFileType = text.plist.xml; path = "Four-Info.plist"; sourceTree = "<group>"; };
		5EB00B48152A60BB006FD64E /* en */ = {isa = PBXFileReference; lastKnownFileType = text.plist.strings; name = en; path = en.lproj/InfoPlist.strings; sourceTree = "<group>"; };
		5EB00B4A152A60BB006FD64E /* main.m */ = {isa = PBXFileReference; lastKnownFileType = sourcecode.c.objc; path = main.m; sourceTree = "<group>"; };
		5EB00B4C152A60BB006FD64E /* Four-Prefix.pch */ = {isa = PBXFileReference; lastKnownFileType = sourcecode.c.h; path = "Four-Prefix.pch"; sourceTree = "<group>"; };
		5EB00B4D152A60BB006FD64E /* AppDelegate.h */ = {isa = PBXFileReference; lastKnownFileType = sourcecode.c.h; path = AppDelegate.h; sourceTree = "<group>"; };
		5EB00B4E152A60BB006FD64E /* AppDelegate.m */ = {isa = PBXFileReference; lastKnownFileType = sourcecode.c.objc; path = AppDelegate.m; sourceTree = "<group>"; };
		5EB00B50152A60BB006FD64E /* ViewController.h */ = {isa = PBXFileReference; lastKnownFileType = sourcecode.c.h; path = ViewController.h; sourceTree = "<group>"; };
		5EB00B51152A60BB006FD64E /* ViewController.m */ = {isa = PBXFileReference; lastKnownFileType = sourcecode.c.objc; path = ViewController.m; sourceTree = "<group>"; };
		5EB00B54152A60BB006FD64E /* en */ = {isa = PBXFileReference; lastKnownFileType = file.xib; name = en; path = en.lproj/ViewController.xib; sourceTree = "<group>"; };
/* End PBXFileReference section */

/* Begin PBXFrameworksBuildPhase section */
		5EB00B37152A60BB006FD64E /* Frameworks */ = {
			isa = PBXFrameworksBuildPhase;
			buildActionMask = 2147483647;
			files = (
				5E9C7A7C152A61B700054843 /* QuartzCore.framework in Frameworks */,
				5EB00B3F152A60BB006FD64E /* UIKit.framework in Frameworks */,
				5EB00B41152A60BB006FD64E /* Foundation.framework in Frameworks */,
				5EB00B43152A60BB006FD64E /* CoreGraphics.framework in Frameworks */,
			);
			runOnlyForDeploymentPostprocessing = 0;
		};
/* End PBXFrameworksBuildPhase section */

/* Begin PBXGroup section */
		5EB00B2F152A60BB006FD64E = {
			isa = PBXGroup;
			children = (
				5EB00B44152A60BB006FD64E /* Four */,
				5EB00B3D152A60BB006FD64E /* Frameworks */,
				5EB00B3B152A60BB006FD64E /* Products */,
			);
			sourceTree = "<group>";
		};
		5EB00B3B152A60BB006FD64E /* Products */ = {
			isa = PBXGroup;
			children = (
				5EB00B3A152A60BB006FD64E /* Four.app */,
			);
			name = Products;
			sourceTree = "<group>";
		};
		5EB00B3D152A60BB006FD64E /* Frameworks */ = {
			isa = PBXGroup;
			children = (
				5E9C7A7B152A61B700054843 /* QuartzCore.framework */,
				5EB00B3E152A60BB006FD64E /* UIKit.framework */,
				5EB00B40152A60BB006FD64E /* Foundation.framework */,
				5EB00B42152A60BB006FD64E /* CoreGraphics.framework */,
			);
			name = Frameworks;
			sourceTree = "<group>";
		};
		5EB00B44152A60BB006FD64E /* Four */ = {
			isa = PBXGroup;
			children = (
				5EB00B4D152A60BB006FD64E /* AppDelegate.h */,
				5EB00B4E152A60BB006FD64E /* AppDelegate.m */,
				5EB00B50152A60BB006FD64E /* ViewController.h */,
				5EB00B51152A60BB006FD64E /* ViewController.m */,
				5EB00B53152A60BB006FD64E /* ViewController.xib */,
				5EB00B45152A60BB006FD64E /* Supporting Files */,
			);
			path = Four;
			sourceTree = "<group>";
		};
		5EB00B45152A60BB006FD64E /* Supporting Files */ = {
			isa = PBXGroup;
			children = (
				5EB00B46152A60BB006FD64E /* Four-Info.plist */,
				5EB00B4A152A60BB006FD64E /* main.m */,
				5EB00B47152A60BB006FD64E /* InfoPlist.strings */,
				5EB00B4C152A60BB006FD64E /* Four-Prefix.pch */,
			);
			name = "Supporting Files";
			sourceTree = "<group>";
		};
/* End PBXGroup section */

/* Begin PBXNativeTarget section */
		5EB00B39152A60BB006FD64E /* Four */ = {
			isa = PBXNativeTarget;
			buildConfigurationList = 5EB00B58152A60BB006FD64E /* Build configuration list for PBXNativeTarget "Four" */;
			buildPhases = (
				5EB00B36152A60BB006FD64E /* Sources */,
				5EB00B37152A60BB006FD64E /* Frameworks */,
				5EB00B38152A60BB006FD64E /* Resources */,
			);
			buildRules = (
			);
			dependencies = (
			);
			name = Four;
			productName = Four;
			productReference = 5EB00B3A152A60BB006FD64E /* Four.app */;
			productType = "com.apple.product-type.application";
		};
/* End PBXNativeTarget section */

/* Begin PBXProject section */
		5EB00B31152A60BB006FD64E /* Project object */ = {
			isa = PBXProject;
			attributes = {
				LastUpgradeCheck = 0430;
			};
			buildConfigurationList = 5EB00B34152A60BB006FD64E /* Build configuration list for PBXProject "Four" */;
			compatibilityVersion = "Xcode 3.2";
			developmentRegion = English;
			hasScannedForEncodings = 0;
			knownRegions = (
				en,
			);
			mainGroup = 5EB00B2F152A60BB006FD64E;
			productRefGroup = 5EB00B3B152A60BB006FD64E /* Products */;
			projectDirPath = "";
			projectRoot = "";
			targets = (
				5EB00B39152A60BB006FD64E /* Four */,
			);
		};
/* End PBXProject section */

/* Begin PBXResourcesBuildPhase section */
		5EB00B38152A60BB006FD64E /* Resources */ = {
			isa = PBXResourcesBuildPhase;
			buildActionMask = 2147483647;
			files = (
				5EB00B49152A60BB006FD64E /* InfoPlist.strings in Resources */,
				5EB00B55152A60BB006FD64E /* ViewController.xib in Resources */,
			);
			runOnlyForDeploymentPostprocessing = 0;
		};
/* End PBXResourcesBuildPhase section */

/* Begin PBXSourcesBuildPhase section */
		5EB00B36152A60BB006FD64E /* Sources */ = {
			isa = PBXSourcesBuildPhase;
			buildActionMask = 2147483647;
			files = (
				5EB00B4B152A60BB006FD64E /* main.m in Sources */,
				5EB00B4F152A60BB006FD64E /* AppDelegate.m in Sources */,
				5EB00B52152A60BB006FD64E /* ViewController.m in Sources */,
			);
			runOnlyForDeploymentPostprocessing = 0;
		};
/* End PBXSourcesBuildPhase section */

/* Begin PBXVariantGroup section */
		5EB00B47152A60BB006FD64E /* InfoPlist.strings */ = {
			isa = PBXVariantGroup;
			children = (
				5EB00B48152A60BB006FD64E /* en */,
			);
			name = InfoPlist.strings;
			sourceTree = "<group>";
		};
		5EB00B53152A60BB006FD64E /* ViewController.xib */ = {
			isa = PBXVariantGroup;
			children = (
				5EB00B54152A60BB006FD64E /* en */,
			);
			name = ViewController.xib;
			sourceTree = "<group>";
		};
/* End PBXVariantGroup section */

/* Begin XCBuildConfiguration section */
		5EB00B56152A60BB006FD64E /* Debug */ = {
			isa = XCBuildConfiguration;
			buildSettings = {
				ALWAYS_SEARCH_USER_PATHS = NO;
				ARCHS = "$(ARCHS_STANDARD_32_BIT)";
				CLANG_ENABLE_OBJC_ARC = YES;
				"CODE_SIGN_IDENTITY[sdk=iphoneos*]" = "iPhone Developer";
				COPY_PHASE_STRIP = NO;
				GCC_C_LANGUAGE_STANDARD = gnu99;
				GCC_DYNAMIC_NO_PIC = NO;
				GCC_OPTIMIZATION_LEVEL = 0;
				GCC_PREPROCESSOR_DEFINITIONS = (
					"DEBUG=1",
					"$(inherited)",
				);
				GCC_SYMBOLS_PRIVATE_EXTERN = NO;
				GCC_VERSION = com.apple.compilers.llvm.clang.1_0;
				GCC_WARN_ABOUT_RETURN_TYPE = YES;
				GCC_WARN_UNINITIALIZED_AUTOS = YES;
				GCC_WARN_UNUSED_VARIABLE = YES;
				IPHONEOS_DEPLOYMENT_TARGET = 5.1;
				SDKROOT = iphoneos;
				TARGETED_DEVICE_FAMILY = 2;
			};
			name = Debug;
		};
		5EB00B57152A60BB006FD64E /* Release */ = {
			isa = XCBuildConfiguration;
			buildSettings = {
				ALWAYS_SEARCH_USER_PATHS = NO;
				ARCHS = "$(ARCHS_STANDARD_32_BIT)";
				CLANG_ENABLE_OBJC_ARC = YES;
				"CODE_SIGN_IDENTITY[sdk=iphoneos*]" = "iPhone Developer";
				COPY_PHASE_STRIP = YES;
				GCC_C_LANGUAGE_STANDARD = gnu99;
				GCC_VERSION = com.apple.compilers.llvm.clang.1_0;
				GCC_WARN_ABOUT_RETURN_TYPE = YES;
				GCC_WARN_UNINITIALIZED_AUTOS = YES;
				GCC_WARN_UNUSED_VARIABLE = YES;
				IPHONEOS_DEPLOYMENT_TARGET = 5.1;
				OTHER_CFLAGS = "-DNS_BLOCK_ASSERTIONS=1";
				SDKROOT = iphoneos;
				TARGETED_DEVICE_FAMILY = 2;
				VALIDATE_PRODUCT = YES;
			};
			name = Release;
		};
		5EB00B59152A60BB006FD64E /* Debug */ = {
			isa = XCBuildConfiguration;
			buildSettings = {
				GCC_PRECOMPILE_PREFIX_HEADER = YES;
				GCC_PREFIX_HEADER = "Four/Four-Prefix.pch";
				INFOPLIST_FILE = "Four/Four-Info.plist";
				PRODUCT_NAME = "$(TARGET_NAME)";
				WRAPPER_EXTENSION = app;
			};
			name = Debug;
		};
		5EB00B5A152A60BB006FD64E /* Release */ = {
			isa = XCBuildConfiguration;
			buildSettings = {
				GCC_PRECOMPILE_PREFIX_HEADER = YES;
				GCC_PREFIX_HEADER = "Four/Four-Prefix.pch";
				INFOPLIST_FILE = "Four/Four-Info.plist";
				PRODUCT_NAME = "$(TARGET_NAME)";
				WRAPPER_EXTENSION = app;
			};
			name = Release;
		};
/* End XCBuildConfiguration section */

/* Begin XCConfigurationList section */
		5EB00B34152A60BB006FD64E /* Build configuration list for PBXProject "Four" */ = {
			isa = XCConfigurationList;
			buildConfigurations = (
				5EB00B56152A60BB006FD64E /* Debug */,
				5EB00B57152A60BB006FD64E /* Release */,
			);
			defaultConfigurationIsVisible = 0;
			defaultConfigurationName = Release;
		};
		5EB00B58152A60BB006FD64E /* Build configuration list for PBXNativeTarget "Four" */ = {
			isa = XCConfigurationList;
			buildConfigurations = (
				5EB00B59152A60BB006FD64E /* Debug */,
				5EB00B5A152A60BB006FD64E /* Release */,
			);
			defaultConfigurationIsVisible = 0;
			defaultConfigurationName = Release;
		};
/* End XCConfigurationList section */
	};
	rootObject = 5EB00B31152A60BB006FD64E /* Project object */;
}
