// !$*UTF8*$!
{
	archiveVersion = 1;
	classes = {
	};
	objectVersion = 46;
	objects = {

/* Begin PBXBuildFile section */
		5E1C826E1520D88200ABB2BD /* LICENSE in Resources */ = {isa = PBXBuildFile; fileRef = 5E1C826D1520D88200ABB2BD /* LICENSE */; };
		5E1C8275152150D800ABB2BD /* samples.plist in Resources */ = {isa = PBXBuildFile; fileRef = 5E1C827315214B9F00ABB2BD /* samples.plist */; };
		5E7A4E26151A66CE005B6817 /* UIKit.framework in Frameworks */ = {isa = PBXBuildFile; fileRef = 5E7A4E25151A66CE005B6817 /* UIKit.framework */; };
		5E7A4E28151A66CE005B6817 /* Foundation.framework in Frameworks */ = {isa = PBXBuildFile; fileRef = 5E7A4E27151A66CE005B6817 /* Foundation.framework */; };
		5E7A4E2A151A66CE005B6817 /* CoreGraphics.framework in Frameworks */ = {isa = PBXBuildFile; fileRef = 5E7A4E29151A66CE005B6817 /* CoreGraphics.framework */; };
		5E7A4E30151A66CE005B6817 /* InfoPlist.strings in Resources */ = {isa = PBXBuildFile; fileRef = 5E7A4E2E151A66CE005B6817 /* InfoPlist.strings */; };
		5E7A4E32151A66CE005B6817 /* main.m in Sources */ = {isa = PBXBuildFile; fileRef = 5E7A4E31151A66CE005B6817 /* main.m */; };
		5E7A4E36151A66CE005B6817 /* AppDelegate.m in Sources */ = {isa = PBXBuildFile; fileRef = 5E7A4E35151A66CE005B6817 /* AppDelegate.m */; };
		5E7A4E39151A66CE005B6817 /* WaveformViewController.m in Sources */ = {isa = PBXBuildFile; fileRef = 5E7A4E38151A66CE005B6817 /* WaveformViewController.m */; };
		5E7A4E3C151A66CE005B6817 /* WaveformViewController.xib in Resources */ = {isa = PBXBuildFile; fileRef = 5E7A4E3A151A66CE005B6817 /* WaveformViewController.xib */; };
		5E7A4E3F151A66CE005B6817 /* WaveformViewController~iPad.xib in Resources */ = {isa = PBXBuildFile; fileRef = 5E7A4E3D151A66CE005B6817 /* WaveformViewController~iPad.xib */; };
		5E7A4E47151A66F3005B6817 /* WaveformView.m in Sources */ = {isa = PBXBuildFile; fileRef = 5E7A4E46151A66F3005B6817 /* WaveformView.m */; };
		5E7A4E49151A6703005B6817 /* AVFoundation.framework in Frameworks */ = {isa = PBXBuildFile; fileRef = 5E7A4E48151A6703005B6817 /* AVFoundation.framework */; };
		5EB44E8C151A7E3D009A88CF /* CoreMedia.framework in Frameworks */ = {isa = PBXBuildFile; fileRef = 5EB44E8B151A7E3D009A88CF /* CoreMedia.framework */; };
/* End PBXBuildFile section */

/* Begin PBXFileReference section */
		5E1C826D1520D88200ABB2BD /* LICENSE */ = {isa = PBXFileReference; fileEncoding = 4; lastKnownFileType = text; path = LICENSE; sourceTree = "<group>"; };
		5E1C827315214B9F00ABB2BD /* samples.plist */ = {isa = PBXFileReference; fileEncoding = 4; lastKnownFileType = text.plist.xml; path = samples.plist; sourceTree = "<group>"; };
		5E7A4E21151A66CE005B6817 /* CoreWaveform.app */ = {isa = PBXFileReference; explicitFileType = wrapper.application; includeInIndex = 0; path = CoreWaveform.app; sourceTree = BUILT_PRODUCTS_DIR; };
		5E7A4E25151A66CE005B6817 /* UIKit.framework */ = {isa = PBXFileReference; lastKnownFileType = wrapper.framework; name = UIKit.framework; path = System/Library/Frameworks/UIKit.framework; sourceTree = SDKROOT; };
		5E7A4E27151A66CE005B6817 /* Foundation.framework */ = {isa = PBXFileReference; lastKnownFileType = wrapper.framework; name = Foundation.framework; path = System/Library/Frameworks/Foundation.framework; sourceTree = SDKROOT; };
		5E7A4E29151A66CE005B6817 /* CoreGraphics.framework */ = {isa = PBXFileReference; lastKnownFileType = wrapper.framework; name = CoreGraphics.framework; path = System/Library/Frameworks/CoreGraphics.framework; sourceTree = SDKROOT; };
		5E7A4E2D151A66CE005B6817 /* CoreWaveform-Info.plist */ = {isa = PBXFileReference; lastKnownFileType = text.plist.xml; path = "CoreWaveform-Info.plist"; sourceTree = "<group>"; };
		5E7A4E2F151A66CE005B6817 /* en */ = {isa = PBXFileReference; lastKnownFileType = text.plist.strings; name = en; path = en.lproj/InfoPlist.strings; sourceTree = "<group>"; };
		5E7A4E31151A66CE005B6817 /* main.m */ = {isa = PBXFileReference; lastKnownFileType = sourcecode.c.objc; path = main.m; sourceTree = "<group>"; };
		5E7A4E33151A66CE005B6817 /* CoreWaveform-Prefix.pch */ = {isa = PBXFileReference; lastKnownFileType = sourcecode.c.h; path = "CoreWaveform-Prefix.pch"; sourceTree = "<group>"; };
		5E7A4E34151A66CE005B6817 /* AppDelegate.h */ = {isa = PBXFileReference; lastKnownFileType = sourcecode.c.h; path = AppDelegate.h; sourceTree = "<group>"; };
		5E7A4E35151A66CE005B6817 /* AppDelegate.m */ = {isa = PBXFileReference; lastKnownFileType = sourcecode.c.objc; path = AppDelegate.m; sourceTree = "<group>"; };
		5E7A4E37151A66CE005B6817 /* WaveformViewController.h */ = {isa = PBXFileReference; lastKnownFileType = sourcecode.c.h; path = WaveformViewController.h; sourceTree = "<group>"; };
		5E7A4E38151A66CE005B6817 /* WaveformViewController.m */ = {isa = PBXFileReference; lastKnownFileType = sourcecode.c.objc; path = WaveformViewController.m; sourceTree = "<group>"; };
		5E7A4E3B151A66CE005B6817 /* en */ = {isa = PBXFileReference; lastKnownFileType = file.xib; name = en; path = en.lproj/WaveformViewController.xib; sourceTree = "<group>"; };
		5E7A4E3E151A66CE005B6817 /* en */ = {isa = PBXFileReference; lastKnownFileType = file.xib; name = en; path = "en.lproj/WaveformViewController~iPad.xib"; sourceTree = "<group>"; };
		5E7A4E45151A66F3005B6817 /* WaveformView.h */ = {isa = PBXFileReference; fileEncoding = 4; lastKnownFileType = sourcecode.c.h; path = WaveformView.h; sourceTree = "<group>"; };
		5E7A4E46151A66F3005B6817 /* WaveformView.m */ = {isa = PBXFileReference; fileEncoding = 4; lastKnownFileType = sourcecode.c.objc; path = WaveformView.m; sourceTree = "<group>"; };
		5E7A4E48151A6703005B6817 /* AVFoundation.framework */ = {isa = PBXFileReference; lastKnownFileType = wrapper.framework; name = AVFoundation.framework; path = System/Library/Frameworks/AVFoundation.framework; sourceTree = SDKROOT; };
		5EB44E8B151A7E3D009A88CF /* CoreMedia.framework */ = {isa = PBXFileReference; lastKnownFileType = wrapper.framework; name = CoreMedia.framework; path = System/Library/Frameworks/CoreMedia.framework; sourceTree = SDKROOT; };
/* End PBXFileReference section */

/* Begin PBXFrameworksBuildPhase section */
		5E7A4E1E151A66CE005B6817 /* Frameworks */ = {
			isa = PBXFrameworksBuildPhase;
			buildActionMask = 2147483647;
			files = (
				5EB44E8C151A7E3D009A88CF /* CoreMedia.framework in Frameworks */,
				5E7A4E49151A6703005B6817 /* AVFoundation.framework in Frameworks */,
				5E7A4E26151A66CE005B6817 /* UIKit.framework in Frameworks */,
				5E7A4E28151A66CE005B6817 /* Foundation.framework in Frameworks */,
				5E7A4E2A151A66CE005B6817 /* CoreGraphics.framework in Frameworks */,
			);
			runOnlyForDeploymentPostprocessing = 0;
		};
/* End PBXFrameworksBuildPhase section */

/* Begin PBXGroup section */
		5E7A4E16151A66CD005B6817 = {
			isa = PBXGroup;
			children = (
				5E7A4E2B151A66CE005B6817 /* CoreWaveform */,
				5E7A4E24151A66CE005B6817 /* Frameworks */,
				5E7A4E22151A66CE005B6817 /* Products */,
			);
			sourceTree = "<group>";
		};
		5E7A4E22151A66CE005B6817 /* Products */ = {
			isa = PBXGroup;
			children = (
				5E7A4E21151A66CE005B6817 /* CoreWaveform.app */,
			);
			name = Products;
			sourceTree = "<group>";
		};
		5E7A4E24151A66CE005B6817 /* Frameworks */ = {
			isa = PBXGroup;
			children = (
				5EB44E8B151A7E3D009A88CF /* CoreMedia.framework */,
				5E7A4E48151A6703005B6817 /* AVFoundation.framework */,
				5E7A4E25151A66CE005B6817 /* UIKit.framework */,
				5E7A4E27151A66CE005B6817 /* Foundation.framework */,
				5E7A4E29151A66CE005B6817 /* CoreGraphics.framework */,
			);
			name = Frameworks;
			sourceTree = "<group>";
		};
		5E7A4E2B151A66CE005B6817 /* CoreWaveform */ = {
			isa = PBXGroup;
			children = (
				5E1C826D1520D88200ABB2BD /* LICENSE */,
				5E7A4E34151A66CE005B6817 /* AppDelegate.h */,
				5E7A4E35151A66CE005B6817 /* AppDelegate.m */,
				5E7A4E37151A66CE005B6817 /* WaveformViewController.h */,
				5E7A4E38151A66CE005B6817 /* WaveformViewController.m */,
				5E7A4E3A151A66CE005B6817 /* WaveformViewController.xib */,
				5E7A4E3D151A66CE005B6817 /* WaveformViewController~iPad.xib */,
				5E7A4E45151A66F3005B6817 /* WaveformView.h */,
				5E7A4E46151A66F3005B6817 /* WaveformView.m */,
				5E7A4E2C151A66CE005B6817 /* Supporting Files */,
				5E7A4E4D151A6C71005B6817 /* Resources */,
			);
			path = CoreWaveform;
			sourceTree = "<group>";
		};
		5E7A4E2C151A66CE005B6817 /* Supporting Files */ = {
			isa = PBXGroup;
			children = (
				5E7A4E2D151A66CE005B6817 /* CoreWaveform-Info.plist */,
				5E7A4E2E151A66CE005B6817 /* InfoPlist.strings */,
				5E7A4E31151A66CE005B6817 /* main.m */,
				5E7A4E33151A66CE005B6817 /* CoreWaveform-Prefix.pch */,
				5E1C827315214B9F00ABB2BD /* samples.plist */,
			);
			name = "Supporting Files";
			sourceTree = "<group>";
		};
		5E7A4E4D151A6C71005B6817 /* Resources */ = {
			isa = PBXGroup;
			children = (
			);
			name = Resources;
			sourceTree = "<group>";
		};
/* End PBXGroup section */

/* Begin PBXNativeTarget section */
		5E7A4E20151A66CE005B6817 /* CoreWaveform */ = {
			isa = PBXNativeTarget;
			buildConfigurationList = 5E7A4E42151A66CE005B6817 /* Build configuration list for PBXNativeTarget "CoreWaveform" */;
			buildPhases = (
				5E7A4E1D151A66CE005B6817 /* Sources */,
				5E7A4E1E151A66CE005B6817 /* Frameworks */,
				5E7A4E1F151A66CE005B6817 /* Resources */,
			);
			buildRules = (
			);
			dependencies = (
			);
			name = CoreWaveform;
			productName = CoreWaveform;
			productReference = 5E7A4E21151A66CE005B6817 /* CoreWaveform.app */;
			productType = "com.apple.product-type.application";
		};
/* End PBXNativeTarget section */

/* Begin PBXProject section */
		5E7A4E18151A66CD005B6817 /* Project object */ = {
			isa = PBXProject;
			attributes = {
				LastUpgradeCheck = 0430;
			};
			buildConfigurationList = 5E7A4E1B151A66CD005B6817 /* Build configuration list for PBXProject "CoreWaveform" */;
			compatibilityVersion = "Xcode 3.2";
			developmentRegion = English;
			hasScannedForEncodings = 0;
			knownRegions = (
				en,
			);
			mainGroup = 5E7A4E16151A66CD005B6817;
			productRefGroup = 5E7A4E22151A66CE005B6817 /* Products */;
			projectDirPath = "";
			projectRoot = "";
			targets = (
				5E7A4E20151A66CE005B6817 /* CoreWaveform */,
			);
		};
/* End PBXProject section */

/* Begin PBXResourcesBuildPhase section */
		5E7A4E1F151A66CE005B6817 /* Resources */ = {
			isa = PBXResourcesBuildPhase;
			buildActionMask = 2147483647;
			files = (
				5E1C8275152150D800ABB2BD /* samples.plist in Resources */,
				5E7A4E30151A66CE005B6817 /* InfoPlist.strings in Resources */,
				5E7A4E3C151A66CE005B6817 /* WaveformViewController.xib in Resources */,
				5E7A4E3F151A66CE005B6817 /* WaveformViewController~iPad.xib in Resources */,
				5E1C826E1520D88200ABB2BD /* LICENSE in Resources */,
			);
			runOnlyForDeploymentPostprocessing = 0;
		};
/* End PBXResourcesBuildPhase section */

/* Begin PBXSourcesBuildPhase section */
		5E7A4E1D151A66CE005B6817 /* Sources */ = {
			isa = PBXSourcesBuildPhase;
			buildActionMask = 2147483647;
			files = (
				5E7A4E32151A66CE005B6817 /* main.m in Sources */,
				5E7A4E36151A66CE005B6817 /* AppDelegate.m in Sources */,
				5E7A4E39151A66CE005B6817 /* WaveformViewController.m in Sources */,
				5E7A4E47151A66F3005B6817 /* WaveformView.m in Sources */,
			);
			runOnlyForDeploymentPostprocessing = 0;
		};
/* End PBXSourcesBuildPhase section */

/* Begin PBXVariantGroup section */
		5E7A4E2E151A66CE005B6817 /* InfoPlist.strings */ = {
			isa = PBXVariantGroup;
			children = (
				5E7A4E2F151A66CE005B6817 /* en */,
			);
			name = InfoPlist.strings;
			sourceTree = "<group>";
		};
		5E7A4E3A151A66CE005B6817 /* WaveformViewController.xib */ = {
			isa = PBXVariantGroup;
			children = (
				5E7A4E3B151A66CE005B6817 /* en */,
			);
			name = WaveformViewController.xib;
			sourceTree = "<group>";
		};
		5E7A4E3D151A66CE005B6817 /* WaveformViewController~iPad.xib */ = {
			isa = PBXVariantGroup;
			children = (
				5E7A4E3E151A66CE005B6817 /* en */,
			);
			name = "WaveformViewController~iPad.xib";
			sourceTree = "<group>";
		};
/* End PBXVariantGroup section */

/* Begin XCBuildConfiguration section */
		5E7A4E40151A66CE005B6817 /* Debug */ = {
			isa = XCBuildConfiguration;
			buildSettings = {
				ALWAYS_SEARCH_USER_PATHS = NO;
				ARCHS = "$(ARCHS_STANDARD_32_BIT)";
				CLANG_ENABLE_OBJC_ARC = YES;
				"CODE_SIGN_IDENTITY[sdk=iphoneos*]" = "iPhone Developer";
				COPY_PHASE_STRIP = NO;
				GCC_C_LANGUAGE_STANDARD = gnu99;
				GCC_DYNAMIC_NO_PIC = NO;
				GCC_OPTIMIZATION_LEVEL = 0;
				GCC_PREPROCESSOR_DEFINITIONS = (
					"DEBUG=1",
					"$(inherited)",
				);
				GCC_SYMBOLS_PRIVATE_EXTERN = NO;
				GCC_VERSION = com.apple.compilers.llvm.clang.1_0;
				GCC_WARN_ABOUT_RETURN_TYPE = YES;
				GCC_WARN_UNINITIALIZED_AUTOS = YES;
				GCC_WARN_UNUSED_VARIABLE = YES;
				IPHONEOS_DEPLOYMENT_TARGET = 5.1;
				SDKROOT = iphoneos;
				TARGETED_DEVICE_FAMILY = "1,2";
			};
			name = Debug;
		};
		5E7A4E41151A66CE005B6817 /* Release */ = {
			isa = XCBuildConfiguration;
			buildSettings = {
				ALWAYS_SEARCH_USER_PATHS = NO;
				ARCHS = "$(ARCHS_STANDARD_32_BIT)";
				CLANG_ENABLE_OBJC_ARC = YES;
				"CODE_SIGN_IDENTITY[sdk=iphoneos*]" = "iPhone Developer";
				COPY_PHASE_STRIP = YES;
				GCC_C_LANGUAGE_STANDARD = gnu99;
				GCC_VERSION = com.apple.compilers.llvm.clang.1_0;
				GCC_WARN_ABOUT_RETURN_TYPE = YES;
				GCC_WARN_UNINITIALIZED_AUTOS = YES;
				GCC_WARN_UNUSED_VARIABLE = YES;
				IPHONEOS_DEPLOYMENT_TARGET = 5.1;
				OTHER_CFLAGS = "-DNS_BLOCK_ASSERTIONS=1";
				SDKROOT = iphoneos;
				TARGETED_DEVICE_FAMILY = "1,2";
				VALIDATE_PRODUCT = YES;
			};
			name = Release;
		};
		5E7A4E43151A66CE005B6817 /* Debug */ = {
			isa = XCBuildConfiguration;
			buildSettings = {
				"CODE_SIGN_IDENTITY[sdk=iphoneos*]" = "iPhone Developer";
				GCC_PRECOMPILE_PREFIX_HEADER = YES;
				GCC_PREFIX_HEADER = "CoreWaveform/CoreWaveform-Prefix.pch";
				INFOPLIST_FILE = "CoreWaveform/CoreWaveform-Info.plist";
				PRODUCT_NAME = "$(TARGET_NAME)";
				"PROVISIONING_PROFILE[sdk=iphoneos*]" = "";
				WRAPPER_EXTENSION = app;
			};
			name = Debug;
		};
		5E7A4E44151A66CE005B6817 /* Release */ = {
			isa = XCBuildConfiguration;
			buildSettings = {
				GCC_PRECOMPILE_PREFIX_HEADER = YES;
				GCC_PREFIX_HEADER = "CoreWaveform/CoreWaveform-Prefix.pch";
				INFOPLIST_FILE = "CoreWaveform/CoreWaveform-Info.plist";
				PRODUCT_NAME = "$(TARGET_NAME)";
				WRAPPER_EXTENSION = app;
			};
			name = Release;
		};
/* End XCBuildConfiguration section */

/* Begin XCConfigurationList section */
		5E7A4E1B151A66CD005B6817 /* Build configuration list for PBXProject "CoreWaveform" */ = {
			isa = XCConfigurationList;
			buildConfigurations = (
				5E7A4E40151A66CE005B6817 /* Debug */,
				5E7A4E41151A66CE005B6817 /* Release */,
			);
			defaultConfigurationIsVisible = 0;
			defaultConfigurationName = Release;
		};
		5E7A4E42151A66CE005B6817 /* Build configuration list for PBXNativeTarget "CoreWaveform" */ = {
			isa = XCConfigurationList;
			buildConfigurations = (
				5E7A4E43151A66CE005B6817 /* Debug */,
				5E7A4E44151A66CE005B6817 /* Release */,
			);
			defaultConfigurationIsVisible = 0;
			defaultConfigurationName = Release;
		};
/* End XCConfigurationList section */
	};
	rootObject = 5E7A4E18151A66CD005B6817 /* Project object */;
}
